
Microsoft Visual Studio Solution File, Format Version 12.00
# Visual Studio Version 17
VisualStudioVersion = 17.5.33318.248
MinimumVisualStudioVersion = 10.0.40219.1
Project("{9A19103F-16F7-4668-BE54-9A1E7A4F7556}") = "ApplicationCommands", "ApplicationCommands\ApplicationCommands.csproj", "{D4AF1B7E-A8A4-45A2-9D22-CF1360D89D96}"
EndProject
Project("{9A19103F-16F7-4668-BE54-9A1E7A4F7556}") = "Basics", "Basics\Basics.csproj", "{4AA570F4-AF0F-44A7-99F6-3EE15A0B6824}"
EndProject
Project("{9A19103F-16F7-4668-BE54-9A1E7A4F7556}") = "VoiceNext", "VoiceNext\VoiceNext.csproj", "{CCBF85CB-D741-4949-BD04-1B06D4220BFD}"
EndProject
Project("{9A19103F-16F7-4668-BE54-9A1E7A4F7556}") = "Lavalink", "Lavalink\Lavalink.csproj", "{9FE58E82-EBD9-4BD1-99A2-4523B023573C}"
EndProject
Project("{9A19103F-16F7-4668-BE54-9A1E7A4F7556}") = "Interactivity", "Interactivity\Interactivity.csproj", "{9CF94855-CEBC-4930-83A4-83F19B1D113D}"
EndProject
Project("{9A19103F-16F7-4668-BE54-9A1E7A4F7556}") = "Hosting", "Hosting\Hosting.csproj", "{4C1DB643-D60A-4E8E-9DF9-37DB988EED77}"
EndProject
Global
	GlobalSection(SolutionConfigurationPlatforms) = preSolution
		Debug|Any CPU = Debug|Any CPU
		Release|Any CPU = Release|Any CPU
	EndGlobalSection
	GlobalSection(ProjectConfigurationPlatforms) = postSolution
		{D4AF1B7E-A8A4-45A2-9D22-CF1360D89D96}.Debug|Any CPU.ActiveCfg = Debug|Any CPU
		{D4AF1B7E-A8A4-45A2-9D22-CF1360D89D96}.Debug|Any CPU.Build.0 = Debug|Any CPU
		{D4AF1B7E-A8A4-45A2-9D22-CF1360D89D96}.Release|Any CPU.ActiveCfg = Release|Any CPU
		{D4AF1B7E-A8A4-45A2-9D22-CF1360D89D96}.Release|Any CPU.Build.0 = Release|Any CPU
		{4AA570F4-AF0F-44A7-99F6-3EE15A0B6824}.Debug|Any CPU.ActiveCfg = Debug|Any CPU
		{4AA570F4-AF0F-44A7-99F6-3EE15A0B6824}.Debug|Any CPU.Build.0 = Debug|Any CPU
		{4AA570F4-AF0F-44A7-99F6-3EE15A0B6824}.Release|Any CPU.ActiveCfg = Release|Any CPU
		{4AA570F4-AF0F-44A7-99F6-3EE15A0B6824}.Release|Any CPU.Build.0 = Release|Any CPU
		{CCBF85CB-D741-4949-BD04-1B06D4220BFD}.Debug|Any CPU.ActiveCfg = Debug|Any CPU
		{CCBF85CB-D741-4949-BD04-1B06D4220BFD}.Debug|Any CPU.Build.0 = Debug|Any CPU
		{CCBF85CB-D741-4949-BD04-1B06D4220BFD}.Release|Any CPU.ActiveCfg = Release|Any CPU
		{CCBF85CB-D741-4949-BD04-1B06D4220BFD}.Release|Any CPU.Build.0 = Release|Any CPU
		{9FE58E82-EBD9-4BD1-99A2-4523B023573C}.Debug|Any CPU.ActiveCfg = Debug|Any CPU
		{9FE58E82-EBD9-4BD1-99A2-4523B023573C}.Debug|Any CPU.Build.0 = Debug|Any CPU
		{9FE58E82-EBD9-4BD1-99A2-4523B023573C}.Release|Any CPU.ActiveCfg = Release|Any CPU
		{9FE58E82-EBD9-4BD1-99A2-4523B023573C}.Release|Any CPU.Build.0 = Release|Any CPU
		{9CF94855-CEBC-4930-83A4-83F19B1D113D}.Debug|Any CPU.ActiveCfg = Debug|Any CPU
		{9CF94855-CEBC-4930-83A4-83F19B1D113D}.Debug|Any CPU.Build.0 = Debug|Any CPU
		{9CF94855-CEBC-4930-83A4-83F19B1D113D}.Release|Any CPU.ActiveCfg = Release|Any CPU
		{9CF94855-CEBC-4930-83A4-83F19B1D113D}.Release|Any CPU.Build.0 = Release|Any CPU
		{4C1DB643-D60A-4E8E-9DF9-37DB988EED77}.Debug|Any CPU.ActiveCfg = Debug|Any CPU
		{4C1DB643-D60A-4E8E-9DF9-37DB988EED77}.Debug|Any CPU.Build.0 = Debug|Any CPU
		{4C1DB643-D60A-4E8E-9DF9-37DB988EED77}.Release|Any CPU.ActiveCfg = Release|Any CPU
		{4C1DB643-D60A-4E8E-9DF9-37DB988EED77}.Release|Any CPU.Build.0 = Release|Any CPU
	EndGlobalSection
	GlobalSection(SolutionProperties) = preSolution
		HideSolutionNode = FALSE
	EndGlobalSection
	GlobalSection(ExtensibilityGlobals) = postSolution
		SolutionGuid = {55858B30-144C-49AD-82B2-16E46E982862}
	EndGlobalSection
EndGlobal
